PODS:
  - GBDeviceInfo (6.7.0):
    - GBDeviceInfo/Core (= 6.7.0)
  - GBDeviceInfo/Core (6.7.0)
  - RSEmailFeedback (1.1.0):
    - GBDeviceInfo

DEPENDENCIES:
  - RSEmailFeedback (from `../`)

SPEC REPOS:
  trunk:
    - GBDeviceInfo

EXTERNAL SOURCES:
  RSEmailFeedback:
    :path: "../"

SPEC CHECKSUMS:
  GBDeviceInfo: c1a46e3fe1b5406a0ebaa60f8a871cfed9da9a42
  RSEmailFeedback: 1173dae863f95965885e62aad509423af4ee6af0

PODFILE CHECKSUM: 92a91c651ef3d01444f95fb2da69b2b031cbfe4e

COCOAPODS: 1.11.3
