PODS:
  - GBDeviceInfo (6.7.0):
    - GBDeviceInfo/Core (= 6.7.0)
  - GBDeviceInfo/Core (6.7.0)
  - RSEmailFeedback (1.2.0):
    - GBDeviceInfo

DEPENDENCIES:
  - RSEmailFeedback (from `../`)

SPEC REPOS:
  trunk:
    - GBDeviceInfo

EXTERNAL SOURCES:
  RSEmailFeedback:
    :path: "../"

SPEC CHECKSUMS:
  GBDeviceInfo: c1a46e3fe1b5406a0ebaa60f8a871cfed9da9a42
  RSEmailFeedback: 4e0e494019d942d01ba9bf2bf44b17180015c384

PODFILE CHECKSUM: 92a91c651ef3d01444f95fb2da69b2b031cbfe4e

COCOAPODS: 1.16.2
