PODS:
  - GBDeviceInfo (4.2.2):
    - GBDeviceInfo/Core (= 4.2.2)
  - GBDeviceInfo/Core (4.2.2)
  - RSEmailFeedback (0.3.0):
    - GBDeviceInfo (~> 4.2)

DEPENDENCIES:
  - RSEmailFeedback (from `../`)

EXTERNAL SOURCES:
  RSEmailFeedback:
    :path: ../

SPEC CHECKSUMS:
  GBDeviceInfo: 0a6e2fc04989ce248572bb988f1a764102eb0e5d
  RSEmailFeedback: 3a73d21ef3d0757dc74a67b3196b7e5056063576

PODFILE CHECKSUM: 3e419ec7dd3bc4cde19cb6ead57eadbd9ce9e319

COCOAPODS: 1.0.1
